<?xml version="1.0" encoding="utf-8"?>
<Project ToolsVersion="4.0" xmlns="http://schemas.microsoft.com/developer/msbuild/2003">
  <ItemGroup>
    <Filter Include="Source Files">
      <UniqueIdentifier>{4FC737F1-C7A5-4376-A066-2A32D752A2FF}</UniqueIdentifier>
      <Extensions>cpp;c;cc;cxx;c++;cppm;ixx;def;odl;idl;hpj;bat;asm;asmx</Extensions>
    </Filter>
    <Filter Include="Header Files">
      <UniqueIdentifier>{93995380-89BD-4b04-88EB-625FBE52EBFB}</UniqueIdentifier>
      <Extensions>h;hh;hpp;hxx;h++;hm;inl;inc;ipp;xsd</Extensions>
    </Filter>
    <Filter Include="Resource Files">
      <UniqueIdentifier>{67DA6AB6-F800-4c08-8B7A-83BB121AAD01}</UniqueIdentifier>
      <Extensions>rc;ico;cur;bmp;dlg;rc2;rct;bin;rgs;gif;jpg;jpeg;jpe;resx;tiff;tif;png;wav;mfcribbon-ms</Extensions>
    </Filter>
    <Filter Include="Features">
      <UniqueIdentifier>{fb9b1a66-55c4-4d94-abbc-ca1c14f4f928}</UniqueIdentifier>
    </Filter>
    <Filter Include="Features\f_misc">
      <UniqueIdentifier>{e9bb4a7f-24d4-4559-a93e-3bfea20d490a}</UniqueIdentifier>
    </Filter>
    <Filter Include="Valve things">
      <UniqueIdentifier>{b7735f91-1bae-4808-b2c9-35d13a32504e}</UniqueIdentifier>
    </Filter>
    <Filter Include="Features\f_aim">
      <UniqueIdentifier>{76eeb79e-4b2d-412e-8e88-1e870767f241}</UniqueIdentifier>
    </Filter>
  </ItemGroup>
  <ItemGroup>
    <ClCompile Include="csgoexternal.cpp">
      <Filter>Source Files</Filter>
    </ClCompile>
    <ClCompile Include="MemoryManager.cpp">
      <Filter>Source Files</Filter>
    </ClCompile>
    <ClCompile Include="Misc.cpp">
      <Filter>Source Files</Filter>
    </ClCompile>
    <ClCompile Include="Offsets.cpp">
      <Filter>Source Files</Filter>
    </ClCompile>
    <ClCompile Include="f_misc.cpp">
      <Filter>Features\f_misc</Filter>
    </ClCompile>
    <ClCompile Include="AimAssistance.cpp">
      <Filter>Features\f_aim</Filter>
    </ClCompile>
    <ClCompile Include="PlayerClass.cpp">
      <Filter>Source Files</Filter>
    </ClCompile>
  </ItemGroup>
  <ItemGroup>
    <ClInclude Include="MemoryManager.h">
      <Filter>Header Files</Filter>
    </ClInclude>
    <ClInclude Include="Offsets.h">
      <Filter>Header Files</Filter>
    </ClInclude>
    <ClInclude Include="Misc.h">
      <Filter>Header Files</Filter>
    </ClInclude>
    <ClInclude Include="f_misc.h">
      <Filter>Features\f_misc</Filter>
    </ClInclude>
    <ClInclude Include="Templates.h">
      <Filter>Header Files</Filter>
    </ClInclude>
    <ClInclude Include="defines.h">
      <Filter>Valve things</Filter>
    </ClInclude>
    <ClInclude Include="AimAssistance.h">
      <Filter>Features\f_aim</Filter>
    </ClInclude>
    <ClInclude Include="PlayerClass.h">
      <Filter>Header Files</Filter>
    </ClInclude>
  </ItemGroup>
</Project>